// !$*UTF8*$!
{
	archiveVersion = 1;
	classes = {
	};
	objectVersion = 55;
	objects = {

/* Begin PBXBuildFile section */
		381F157A277D3F12007C5EF2 /* BusinessListView.swift in Sources */ = {isa = PBXBuildFile; fileRef = 381F1579277D3F12007C5EF2 /* BusinessListView.swift */; };
		381F157C277D40DC007C5EF2 /* BusinessCell.swift in Sources */ = {isa = PBXBuildFile; fileRef = 381F157B277D40DC007C5EF2 /* BusinessCell.swift */; };
		381F157E277D46BA007C5EF2 /* BusinessCollectionView.swift in Sources */ = {isa = PBXBuildFile; fileRef = 381F157D277D46BA007C5EF2 /* BusinessCollectionView.swift */; };
		381F1580277D4AA3007C5EF2 /* Extensions.swift in Sources */ = {isa = PBXBuildFile; fileRef = 381F157F277D4AA3007C5EF2 /* Extensions.swift */; };
		385402A8277A4EDC00573BA0 /* App.swift in Sources */ = {isa = PBXBuildFile; fileRef = 38540298277A4EDC00573BA0 /* App.swift */; };
		385402AC277A4EDC00573BA0 /* Assets.xcassets in Resources */ = {isa = PBXBuildFile; fileRef = 3854029A277A4EDC00573BA0 /* Assets.xcassets */; };
		385402B9277A4F5000573BA0 /* HTTPClient.swift in Sources */ = {isa = PBXBuildFile; fileRef = 385402B8277A4F4F00573BA0 /* HTTPClient.swift */; };
		385402BB277A535100573BA0 /* Yelp.swift in Sources */ = {isa = PBXBuildFile; fileRef = 385402BA277A535100573BA0 /* Yelp.swift */; };
		385402BD277A53A300573BA0 /* Constants.swift in Sources */ = {isa = PBXBuildFile; fileRef = 385402BC277A53A300573BA0 /* Constants.swift */; };
		385402C1277A541200573BA0 /* Colors.swift in Sources */ = {isa = PBXBuildFile; fileRef = 385402C0277A541200573BA0 /* Colors.swift */; };
		38BD58C0277E15040001D6A4 /* BusinessDetailView.swift in Sources */ = {isa = PBXBuildFile; fileRef = 38BD58BF277E15040001D6A4 /* BusinessDetailView.swift */; };
		38C3ED3E277CCCEE002AC9E7 /* RootView.swift in Sources */ = {isa = PBXBuildFile; fileRef = 38C3ED3D277CCCEE002AC9E7 /* RootView.swift */; };
		38C3ED40277CCDE9002AC9E7 /* LocationManager.swift in Sources */ = {isa = PBXBuildFile; fileRef = 38C3ED3F277CCDE9002AC9E7 /* LocationManager.swift */; };
		38C3ED44277CD11C002AC9E7 /* MapKit.framework in Frameworks */ = {isa = PBXBuildFile; fileRef = 38C3ED43277CD11C002AC9E7 /* MapKit.framework */; };
		38C3ED46277CD537002AC9E7 /* BusinessMapView.swift in Sources */ = {isa = PBXBuildFile; fileRef = 38C3ED45277CD537002AC9E7 /* BusinessMapView.swift */; };
/* End PBXBuildFile section */

/* Begin PBXFileReference section */
		381F1579277D3F12007C5EF2 /* BusinessListView.swift */ = {isa = PBXFileReference; lastKnownFileType = sourcecode.swift; path = BusinessListView.swift; sourceTree = "<group>"; };
		381F157B277D40DC007C5EF2 /* BusinessCell.swift */ = {isa = PBXFileReference; lastKnownFileType = sourcecode.swift; path = BusinessCell.swift; sourceTree = "<group>"; };
		381F157D277D46BA007C5EF2 /* BusinessCollectionView.swift */ = {isa = PBXFileReference; lastKnownFileType = sourcecode.swift; path = BusinessCollectionView.swift; sourceTree = "<group>"; };
		381F157F277D4AA3007C5EF2 /* Extensions.swift */ = {isa = PBXFileReference; lastKnownFileType = sourcecode.swift; path = Extensions.swift; sourceTree = "<group>"; };
		38540298277A4EDC00573BA0 /* App.swift */ = {isa = PBXFileReference; lastKnownFileType = sourcecode.swift; path = App.swift; sourceTree = "<group>"; };
		3854029A277A4EDC00573BA0 /* Assets.xcassets */ = {isa = PBXFileReference; lastKnownFileType = folder.assetcatalog; path = Assets.xcassets; sourceTree = "<group>"; };
		3854029F277A4EDC00573BA0 /* Fast Foodz.app */ = {isa = PBXFileReference; explicitFileType = wrapper.application; includeInIndex = 0; path = "Fast Foodz.app"; sourceTree = BUILT_PRODUCTS_DIR; };
		385402B8277A4F4F00573BA0 /* HTTPClient.swift */ = {isa = PBXFileReference; lastKnownFileType = sourcecode.swift; path = HTTPClient.swift; sourceTree = "<group>"; };
		385402BA277A535100573BA0 /* Yelp.swift */ = {isa = PBXFileReference; lastKnownFileType = sourcecode.swift; path = Yelp.swift; sourceTree = "<group>"; };
		385402BC277A53A300573BA0 /* Constants.swift */ = {isa = PBXFileReference; lastKnownFileType = sourcecode.swift; path = Constants.swift; sourceTree = "<group>"; };
		385402C0277A541200573BA0 /* Colors.swift */ = {isa = PBXFileReference; lastKnownFileType = sourcecode.swift; path = Colors.swift; sourceTree = "<group>"; };
		38BD58BF277E15040001D6A4 /* BusinessDetailView.swift */ = {isa = PBXFileReference; lastKnownFileType = sourcecode.swift; path = BusinessDetailView.swift; sourceTree = "<group>"; };
		38C3ED3D277CCCEE002AC9E7 /* RootView.swift */ = {isa = PBXFileReference; lastKnownFileType = sourcecode.swift; path = RootView.swift; sourceTree = "<group>"; };
		38C3ED3F277CCDE9002AC9E7 /* LocationManager.swift */ = {isa = PBXFileReference; lastKnownFileType = sourcecode.swift; path = LocationManager.swift; sourceTree = "<group>"; };
		38C3ED41277CD11C002AC9E7 /* Fast-Foodz--iOS--Info.plist */ = {isa = PBXFileReference; lastKnownFileType = text.plist; path = "Fast-Foodz--iOS--Info.plist"; sourceTree = "<group>"; };
		38C3ED43277CD11C002AC9E7 /* MapKit.framework */ = {isa = PBXFileReference; lastKnownFileType = wrapper.framework; name = MapKit.framework; path = Platforms/iPhoneOS.platform/Developer/SDKs/iPhoneOS15.2.sdk/System/Library/Frameworks/MapKit.framework; sourceTree = DEVELOPER_DIR; };
		38C3ED45277CD537002AC9E7 /* BusinessMapView.swift */ = {isa = PBXFileReference; lastKnownFileType = sourcecode.swift; path = BusinessMapView.swift; sourceTree = "<group>"; };
/* End PBXFileReference section */

/* Begin PBXFrameworksBuildPhase section */
		3854029C277A4EDC00573BA0 /* Frameworks */ = {
			isa = PBXFrameworksBuildPhase;
			buildActionMask = 2147483647;
			files = (
				38C3ED44277CD11C002AC9E7 /* MapKit.framework in Frameworks */,
			);
			runOnlyForDeploymentPostprocessing = 0;
		};
/* End PBXFrameworksBuildPhase section */

/* Begin PBXGroup section */
		38540292277A4EDC00573BA0 = {
			isa = PBXGroup;
			children = (
				38C3ED41277CD11C002AC9E7 /* Fast-Foodz--iOS--Info.plist */,
				38540297277A4EDC00573BA0 /* Source */,
				385402A0277A4EDC00573BA0 /* Products */,
				38C3ED42277CD11C002AC9E7 /* Frameworks */,
			);
			sourceTree = "<group>";
		};
		38540297277A4EDC00573BA0 /* Source */ = {
			isa = PBXGroup;
			children = (
				385402B7277A4F3700573BA0 /* Lib */,
				385402BE277A53FF00573BA0 /* UI */,
				38540298277A4EDC00573BA0 /* App.swift */,
				385402BC277A53A300573BA0 /* Constants.swift */,
				3854029A277A4EDC00573BA0 /* Assets.xcassets */,
			);
			path = Source;
			sourceTree = "<group>";
		};
		385402A0277A4EDC00573BA0 /* Products */ = {
			isa = PBXGroup;
			children = (
				3854029F277A4EDC00573BA0 /* Fast Foodz.app */,
			);
			name = Products;
			sourceTree = "<group>";
		};
		385402B7277A4F3700573BA0 /* Lib */ = {
			isa = PBXGroup;
			children = (
				385402B8277A4F4F00573BA0 /* HTTPClient.swift */,
				385402BA277A535100573BA0 /* Yelp.swift */,
				38C3ED3F277CCDE9002AC9E7 /* LocationManager.swift */,
			);
			path = Lib;
			sourceTree = "<group>";
		};
		385402BE277A53FF00573BA0 /* UI */ = {
			isa = PBXGroup;
			children = (
				385402BF277A540700573BA0 /* Common */,
				38C3ED3D277CCCEE002AC9E7 /* RootView.swift */,
				38C3ED45277CD537002AC9E7 /* BusinessMapView.swift */,
				381F1579277D3F12007C5EF2 /* BusinessListView.swift */,
				381F157D277D46BA007C5EF2 /* BusinessCollectionView.swift */,
				38BD58BF277E15040001D6A4 /* BusinessDetailView.swift */,
			);
			path = UI;
			sourceTree = "<group>";
		};
		385402BF277A540700573BA0 /* Common */ = {
			isa = PBXGroup;
			children = (
				385402C0277A541200573BA0 /* Colors.swift */,
				381F157B277D40DC007C5EF2 /* BusinessCell.swift */,
				381F157F277D4AA3007C5EF2 /* Extensions.swift */,
			);
			path = Common;
			sourceTree = "<group>";
		};
		38C3ED42277CD11C002AC9E7 /* Frameworks */ = {
			isa = PBXGroup;
			children = (
				38C3ED43277CD11C002AC9E7 /* MapKit.framework */,
			);
			name = Frameworks;
			sourceTree = "<group>";
		};
/* End PBXGroup section */

/* Begin PBXNativeTarget section */
		3854029E277A4EDC00573BA0 /* Fast Foodz (iOS) */ = {
			isa = PBXNativeTarget;
			buildConfigurationList = 385402B0277A4EDC00573BA0 /* Build configuration list for PBXNativeTarget "Fast Foodz (iOS)" */;
			buildPhases = (
				3854029B277A4EDC00573BA0 /* Sources */,
				3854029C277A4EDC00573BA0 /* Frameworks */,
				3854029D277A4EDC00573BA0 /* Resources */,
			);
			buildRules = (
			);
			dependencies = (
			);
			name = "Fast Foodz (iOS)";
			productName = "Fast Foodz (iOS)";
			productReference = 3854029F277A4EDC00573BA0 /* Fast Foodz.app */;
			productType = "com.apple.product-type.application";
		};
/* End PBXNativeTarget section */

/* Begin PBXProject section */
		38540293277A4EDC00573BA0 /* Project object */ = {
			isa = PBXProject;
			attributes = {
				BuildIndependentTargetsInParallel = 1;
				LastSwiftUpdateCheck = 1320;
				LastUpgradeCheck = 1320;
				TargetAttributes = {
					3854029E277A4EDC00573BA0 = {
						CreatedOnToolsVersion = 13.2;
					};
				};
			};
			buildConfigurationList = 38540296277A4EDC00573BA0 /* Build configuration list for PBXProject "Fast Foodz" */;
			compatibilityVersion = "Xcode 13.0";
			developmentRegion = en;
			hasScannedForEncodings = 0;
			knownRegions = (
				en,
				Base,
			);
			mainGroup = 38540292277A4EDC00573BA0;
			productRefGroup = 385402A0277A4EDC00573BA0 /* Products */;
			projectDirPath = "";
			projectRoot = "";
			targets = (
				3854029E277A4EDC00573BA0 /* Fast Foodz (iOS) */,
			);
		};
/* End PBXProject section */

/* Begin PBXResourcesBuildPhase section */
		3854029D277A4EDC00573BA0 /* Resources */ = {
			isa = PBXResourcesBuildPhase;
			buildActionMask = 2147483647;
			files = (
				385402AC277A4EDC00573BA0 /* Assets.xcassets in Resources */,
			);
			runOnlyForDeploymentPostprocessing = 0;
		};
/* End PBXResourcesBuildPhase section */

/* Begin PBXSourcesBuildPhase section */
		3854029B277A4EDC00573BA0 /* Sources */ = {
			isa = PBXSourcesBuildPhase;
			buildActionMask = 2147483647;
			files = (
				385402BD277A53A300573BA0 /* Constants.swift in Sources */,
				38BD58C0277E15040001D6A4 /* BusinessDetailView.swift in Sources */,
				385402C1277A541200573BA0 /* Colors.swift in Sources */,
				385402BB277A535100573BA0 /* Yelp.swift in Sources */,
				38C3ED40277CCDE9002AC9E7 /* LocationManager.swift in Sources */,
				38C3ED3E277CCCEE002AC9E7 /* RootView.swift in Sources */,
				381F157C277D40DC007C5EF2 /* BusinessCell.swift in Sources */,
				38C3ED46277CD537002AC9E7 /* BusinessMapView.swift in Sources */,
				381F1580277D4AA3007C5EF2 /* Extensions.swift in Sources */,
				385402B9277A4F5000573BA0 /* HTTPClient.swift in Sources */,
				381F157A277D3F12007C5EF2 /* BusinessListView.swift in Sources */,
				385402A8277A4EDC00573BA0 /* App.swift in Sources */,
				381F157E277D46BA007C5EF2 /* BusinessCollectionView.swift in Sources */,
			);
			runOnlyForDeploymentPostprocessing = 0;
		};
/* End PBXSourcesBuildPhase section */

/* Begin XCBuildConfiguration section */
		385402AE277A4EDC00573BA0 /* Debug */ = {
			isa = XCBuildConfiguration;
			buildSettings = {
				ALWAYS_SEARCH_USER_PATHS = NO;
				CLANG_ANALYZER_NONNULL = YES;
				CLANG_ANALYZER_NUMBER_OBJECT_CONVERSION = YES_AGGRESSIVE;
				CLANG_CXX_LANGUAGE_STANDARD = "gnu++17";
				CLANG_CXX_LIBRARY = "libc++";
				CLANG_ENABLE_MODULES = YES;
				CLANG_ENABLE_OBJC_ARC = YES;
				CLANG_ENABLE_OBJC_WEAK = YES;
				CLANG_WARN_BLOCK_CAPTURE_AUTORELEASING = YES;
				CLANG_WARN_BOOL_CONVERSION = YES;
				CLANG_WARN_COMMA = YES;
				CLANG_WARN_CONSTANT_CONVERSION = YES;
				CLANG_WARN_DEPRECATED_OBJC_IMPLEMENTATIONS = YES;
				CLANG_WARN_DIRECT_OBJC_ISA_USAGE = YES_ERROR;
				CLANG_WARN_DOCUMENTATION_COMMENTS = YES;
				CLANG_WARN_EMPTY_BODY = YES;
				CLANG_WARN_ENUM_CONVERSION = YES;
				CLANG_WARN_INFINITE_RECURSION = YES;
				CLANG_WARN_INT_CONVERSION = YES;
				CLANG_WARN_NON_LITERAL_NULL_CONVERSION = YES;
				CLANG_WARN_OBJC_IMPLICIT_RETAIN_SELF = YES;
				CLANG_WARN_OBJC_LITERAL_CONVERSION = YES;
				CLANG_WARN_OBJC_ROOT_CLASS = YES_ERROR;
				CLANG_WARN_QUOTED_INCLUDE_IN_FRAMEWORK_HEADER = YES;
				CLANG_WARN_RANGE_LOOP_ANALYSIS = YES;
				CLANG_WARN_STRICT_PROTOTYPES = YES;
				CLANG_WARN_SUSPICIOUS_MOVE = YES;
				CLANG_WARN_UNGUARDED_AVAILABILITY = YES_AGGRESSIVE;
				CLANG_WARN_UNREACHABLE_CODE = YES;
				CLANG_WARN__DUPLICATE_METHOD_MATCH = YES;
				COPY_PHASE_STRIP = NO;
				DEBUG_INFORMATION_FORMAT = dwarf;
				ENABLE_STRICT_OBJC_MSGSEND = YES;
				ENABLE_TESTABILITY = YES;
				GCC_C_LANGUAGE_STANDARD = gnu11;
				GCC_DYNAMIC_NO_PIC = NO;
				GCC_NO_COMMON_BLOCKS = YES;
				GCC_OPTIMIZATION_LEVEL = 0;
				GCC_PREPROCESSOR_DEFINITIONS = (
					"DEBUG=1",
					"$(inherited)",
				);
				GCC_WARN_64_TO_32_BIT_CONVERSION = YES;
				GCC_WARN_ABOUT_RETURN_TYPE = YES_ERROR;
				GCC_WARN_UNDECLARED_SELECTOR = YES;
				GCC_WARN_UNINITIALIZED_AUTOS = YES_AGGRESSIVE;
				GCC_WARN_UNUSED_FUNCTION = YES;
				GCC_WARN_UNUSED_VARIABLE = YES;
				MTL_ENABLE_DEBUG_INFO = INCLUDE_SOURCE;
				MTL_FAST_MATH = YES;
				ONLY_ACTIVE_ARCH = YES;
				SWIFT_ACTIVE_COMPILATION_CONDITIONS = DEBUG;
				SWIFT_OPTIMIZATION_LEVEL = "-Onone";
			};
			name = Debug;
		};
		385402AF277A4EDC00573BA0 /* Release */ = {
			isa = XCBuildConfiguration;
			buildSettings = {
				ALWAYS_SEARCH_USER_PATHS = NO;
				CLANG_ANALYZER_NONNULL = YES;
				CLANG_ANALYZER_NUMBER_OBJECT_CONVERSION = YES_AGGRESSIVE;
				CLANG_CXX_LANGUAGE_STANDARD = "gnu++17";
				CLANG_CXX_LIBRARY = "libc++";
				CLANG_ENABLE_MODULES = YES;
				CLANG_ENABLE_OBJC_ARC = YES;
				CLANG_ENABLE_OBJC_WEAK = YES;
				CLANG_WARN_BLOCK_CAPTURE_AUTORELEASING = YES;
				CLANG_WARN_BOOL_CONVERSION = YES;
				CLANG_WARN_COMMA = YES;
				CLANG_WARN_CONSTANT_CONVERSION = YES;
				CLANG_WARN_DEPRECATED_OBJC_IMPLEMENTATIONS = YES;
				CLANG_WARN_DIRECT_OBJC_ISA_USAGE = YES_ERROR;
				CLANG_WARN_DOCUMENTATION_COMMENTS = YES;
				CLANG_WARN_EMPTY_BODY = YES;
				CLANG_WARN_ENUM_CONVERSION = YES;
				CLANG_WARN_INFINITE_RECURSION = YES;
				CLANG_WARN_INT_CONVERSION = YES;
				CLANG_WARN_NON_LITERAL_NULL_CONVERSION = YES;
				CLANG_WARN_OBJC_IMPLICIT_RETAIN_SELF = YES;
				CLANG_WARN_OBJC_LITERAL_CONVERSION = YES;
				CLANG_WARN_OBJC_ROOT_CLASS = YES_ERROR;
				CLANG_WARN_QUOTED_INCLUDE_IN_FRAMEWORK_HEADER = YES;
				CLANG_WARN_RANGE_LOOP_ANALYSIS = YES;
				CLANG_WARN_STRICT_PROTOTYPES = YES;
				CLANG_WARN_SUSPICIOUS_MOVE = YES;
				CLANG_WARN_UNGUARDED_AVAILABILITY = YES_AGGRESSIVE;
				CLANG_WARN_UNREACHABLE_CODE = YES;
				CLANG_WARN__DUPLICATE_METHOD_MATCH = YES;
				COPY_PHASE_STRIP = NO;
				DEBUG_INFORMATION_FORMAT = "dwarf-with-dsym";
				ENABLE_NS_ASSERTIONS = NO;
				ENABLE_STRICT_OBJC_MSGSEND = YES;
				GCC_C_LANGUAGE_STANDARD = gnu11;
				GCC_NO_COMMON_BLOCKS = YES;
				GCC_WARN_64_TO_32_BIT_CONVERSION = YES;
				GCC_WARN_ABOUT_RETURN_TYPE = YES_ERROR;
				GCC_WARN_UNDECLARED_SELECTOR = YES;
				GCC_WARN_UNINITIALIZED_AUTOS = YES_AGGRESSIVE;
				GCC_WARN_UNUSED_FUNCTION = YES;
				GCC_WARN_UNUSED_VARIABLE = YES;
				MTL_ENABLE_DEBUG_INFO = NO;
				MTL_FAST_MATH = YES;
				SWIFT_COMPILATION_MODE = wholemodule;
				SWIFT_OPTIMIZATION_LEVEL = "-O";
			};
			name = Release;
		};
		385402B1277A4EDC00573BA0 /* Debug */ = {
			isa = XCBuildConfiguration;
			buildSettings = {
				ASSETCATALOG_COMPILER_APPICON_NAME = AppIcon;
				ASSETCATALOG_COMPILER_GLOBAL_ACCENT_COLOR_NAME = AccentColor;
				CODE_SIGN_STYLE = Automatic;
				CURRENT_PROJECT_VERSION = 1;
				DEVELOPMENT_TEAM = 9A34EG5225;
				ENABLE_PREVIEWS = YES;
				GENERATE_INFOPLIST_FILE = YES;
				INFOPLIST_FILE = "Fast-Foodz--iOS--Info.plist";
				INFOPLIST_KEY_UIApplicationSceneManifest_Generation = YES;
				INFOPLIST_KEY_UIApplicationSupportsIndirectInputEvents = YES;
				INFOPLIST_KEY_UILaunchScreen_Generation = YES;
				INFOPLIST_KEY_UISupportedInterfaceOrientations_iPad = "UIInterfaceOrientationPortrait UIInterfaceOrientationPortraitUpsideDown UIInterfaceOrientationLandscapeLeft UIInterfaceOrientationLandscapeRight";
				INFOPLIST_KEY_UISupportedInterfaceOrientations_iPhone = "UIInterfaceOrientationPortrait UIInterfaceOrientationLandscapeLeft UIInterfaceOrientationLandscapeRight";
				IPHONEOS_DEPLOYMENT_TARGET = 15.0;
				LD_RUNPATH_SEARCH_PATHS = (
					"$(inherited)",
					"@executable_path/Frameworks",
				);
				MARKETING_VERSION = 1.0;
				PRODUCT_BUNDLE_IDENTIFIER = "com.abarba.Fast-Foodz";
				PRODUCT_NAME = "Fast Foodz";
				SDKROOT = iphoneos;
				SWIFT_EMIT_LOC_STRINGS = YES;
				SWIFT_VERSION = 5.0;
				TARGETED_DEVICE_FAMILY = "1,2";
			};
			name = Debug;
		};
		385402B2277A4EDC00573BA0 /* Release */ = {
			isa = XCBuildConfiguration;
			buildSettings = {
				ASSETCATALOG_COMPILER_APPICON_NAME = AppIcon;
				ASSETCATALOG_COMPILER_GLOBAL_ACCENT_COLOR_NAME = AccentColor;
				CODE_SIGN_STYLE = Automatic;
				CURRENT_PROJECT_VERSION = 1;
				DEVELOPMENT_TEAM = 9A34EG5225;
				ENABLE_PREVIEWS = YES;
				GENERATE_INFOPLIST_FILE = YES;
				INFOPLIST_FILE = "Fast-Foodz--iOS--Info.plist";
				INFOPLIST_KEY_UIApplicationSceneManifest_Generation = YES;
				INFOPLIST_KEY_UIApplicationSupportsIndirectInputEvents = YES;
				INFOPLIST_KEY_UILaunchScreen_Generation = YES;
				INFOPLIST_KEY_UISupportedInterfaceOrientations_iPad = "UIInterfaceOrientationPortrait UIInterfaceOrientationPortraitUpsideDown UIInterfaceOrientationLandscapeLeft UIInterfaceOrientationLandscapeRight";
				INFOPLIST_KEY_UISupportedInterfaceOrientations_iPhone = "UIInterfaceOrientationPortrait UIInterfaceOrientationLandscapeLeft UIInterfaceOrientationLandscapeRight";
				IPHONEOS_DEPLOYMENT_TARGET = 15.0;
				LD_RUNPATH_SEARCH_PATHS = (
					"$(inherited)",
					"@executable_path/Frameworks",
				);
				MARKETING_VERSION = 1.0;
				PRODUCT_BUNDLE_IDENTIFIER = "com.abarba.Fast-Foodz";
				PRODUCT_NAME = "Fast Foodz";
				SDKROOT = iphoneos;
				SWIFT_EMIT_LOC_STRINGS = YES;
				SWIFT_VERSION = 5.0;
				TARGETED_DEVICE_FAMILY = "1,2";
				VALIDATE_PRODUCT = YES;
			};
			name = Release;
		};
/* End XCBuildConfiguration section */

/* Begin XCConfigurationList section */
		38540296277A4EDC00573BA0 /* Build configuration list for PBXProject "Fast Foodz" */ = {
			isa = XCConfigurationList;
			buildConfigurations = (
				385402AE277A4EDC00573BA0 /* Debug */,
				385402AF277A4EDC00573BA0 /* Release */,
			);
			defaultConfigurationIsVisible = 0;
			defaultConfigurationName = Release;
		};
		385402B0277A4EDC00573BA0 /* Build configuration list for PBXNativeTarget "Fast Foodz (iOS)" */ = {
			isa = XCConfigurationList;
			buildConfigurations = (
				385402B1277A4EDC00573BA0 /* Debug */,
				385402B2277A4EDC00573BA0 /* Release */,
			);
			defaultConfigurationIsVisible = 0;
			defaultConfigurationName = Release;
		};
/* End XCConfigurationList section */
	};
	rootObject = 38540293277A4EDC00573BA0 /* Project object */;
}
